# This file is autogenerated, do not edit; changes may be undone by the next 'dep ensure'.


[[projects]]
  branch = "master"
  name = "github.com/willf/bitset"
  packages = ["."]
  revision = "988f4f24992fc745de53c42df0da6581e42a6686"

[solve-meta]
  analyzer-name = "dep"
  analyzer-version = 1
  inputs-digest = "8cc30e45621ef33cc7738b0f6e5d6e3186eb43b20d3b8389e46f7aacecb9ba5c"
  solver-name = "gps-cdcl"
  solver-version = 1
